// !$*UTF8*$!
{
	archiveVersion = 1;
	classes = {
	};
	objectVersion = 46;
	objects = {

/* Begin PBXBuildFile section */
		3307E3201D3D572200F9C35A /* AppDelegate.swift in Sources */ = {isa = PBXBuildFile; fileRef = 3307E31F1D3D572200F9C35A /* AppDelegate.swift */; };
		3307E3221D3D572200F9C35A /* ViewController.swift in Sources */ = {isa = PBXBuildFile; fileRef = 3307E3211D3D572200F9C35A /* ViewController.swift */; };
		3307E3251D3D572200F9C35A /* Main.storyboard in Resources */ = {isa = PBXBuildFile; fileRef = 3307E3231D3D572200F9C35A /* Main.storyboard */; };
		3307E3271D3D572200F9C35A /* Assets.xcassets in Resources */ = {isa = PBXBuildFile; fileRef = 3307E3261D3D572200F9C35A /* Assets.xcassets */; };
		3307E32A1D3D572200F9C35A /* LaunchScreen.storyboard in Resources */ = {isa = PBXBuildFile; fileRef = 3307E3281D3D572200F9C35A /* LaunchScreen.storyboard */; };
		3307E3321D3D5F4A00F9C35A /* camera_controller.swift in Sources */ = {isa = PBXBuildFile; fileRef = 3307E3311D3D5F4A00F9C35A /* camera_controller.swift */; };
		3307E3351D3D6BB000F9C35A /* opencv2.framework in Frameworks */ = {isa = PBXBuildFile; fileRef = 3307E3341D3D6BB000F9C35A /* opencv2.framework */; };
		3307E3391D3D6BF400F9C35A /* video_writer.cpp in Sources */ = {isa = PBXBuildFile; fileRef = 3307E3371D3D6BF400F9C35A /* video_writer.cpp */; };
		3307E3421D3D720B00F9C35A /* video_writer_bridge.mm in Sources */ = {isa = PBXBuildFile; fileRef = 3307E3411D3D720B00F9C35A /* video_writer_bridge.mm */; };
/* End PBXBuildFile section */

/* Begin PBXFileReference section */
		3307E31C1D3D572200F9C35A /* opencv_camera.app */ = {isa = PBXFileReference; explicitFileType = wrapper.application; includeInIndex = 0; path = opencv_camera.app; sourceTree = BUILT_PRODUCTS_DIR; };
		3307E31F1D3D572200F9C35A /* AppDelegate.swift */ = {isa = PBXFileReference; lastKnownFileType = sourcecode.swift; path = AppDelegate.swift; sourceTree = "<group>"; };
		3307E3211D3D572200F9C35A /* ViewController.swift */ = {isa = PBXFileReference; lastKnownFileType = sourcecode.swift; path = ViewController.swift; sourceTree = "<group>"; };
		3307E3241D3D572200F9C35A /* Base */ = {isa = PBXFileReference; lastKnownFileType = file.storyboard; name = Base; path = Base.lproj/Main.storyboard; sourceTree = "<group>"; };
		3307E3261D3D572200F9C35A /* Assets.xcassets */ = {isa = PBXFileReference; lastKnownFileType = folder.assetcatalog; path = Assets.xcassets; sourceTree = "<group>"; };
		3307E3291D3D572200F9C35A /* Base */ = {isa = PBXFileReference; lastKnownFileType = file.storyboard; name = Base; path = Base.lproj/LaunchScreen.storyboard; sourceTree = "<group>"; };
		3307E32B1D3D572200F9C35A /* Info.plist */ = {isa = PBXFileReference; lastKnownFileType = text.plist.xml; path = Info.plist; sourceTree = "<group>"; };
		3307E3311D3D5F4A00F9C35A /* camera_controller.swift */ = {isa = PBXFileReference; fileEncoding = 4; lastKnownFileType = sourcecode.swift; path = camera_controller.swift; sourceTree = "<group>"; };
		3307E3341D3D6BB000F9C35A /* opencv2.framework */ = {isa = PBXFileReference; lastKnownFileType = wrapper.framework; name = opencv2.framework; path = "../../../SDK/opencv-3.1.0/ios/opencv2.framework"; sourceTree = "<group>"; };
		3307E3361D3D6BF400F9C35A /* opencv_camera-Bridging-Header.h */ = {isa = PBXFileReference; lastKnownFileType = sourcecode.c.h; path = "opencv_camera-Bridging-Header.h"; sourceTree = "<group>"; };
		3307E3371D3D6BF400F9C35A /* video_writer.cpp */ = {isa = PBXFileReference; fileEncoding = 4; lastKnownFileType = sourcecode.cpp.cpp; path = video_writer.cpp; sourceTree = "<group>"; };
		3307E3381D3D6BF400F9C35A /* video_writer.hpp */ = {isa = PBXFileReference; fileEncoding = 4; lastKnownFileType = sourcecode.cpp.h; path = video_writer.hpp; sourceTree = "<group>"; };
		3307E3411D3D720B00F9C35A /* video_writer_bridge.mm */ = {isa = PBXFileReference; fileEncoding = 4; lastKnownFileType = sourcecode.cpp.objcpp; path = video_writer_bridge.mm; sourceTree = "<group>"; };
		3307E3431D3D722300F9C35A /* video_writer_bridge.h */ = {isa = PBXFileReference; lastKnownFileType = sourcecode.c.h; path = video_writer_bridge.h; sourceTree = "<group>"; };
/* End PBXFileReference section */

/* Begin PBXFrameworksBuildPhase section */
		3307E3191D3D572200F9C35A /* Frameworks */ = {
			isa = PBXFrameworksBuildPhase;
			buildActionMask = 2147483647;
			files = (
				3307E3351D3D6BB000F9C35A /* opencv2.framework in Frameworks */,
			);
			runOnlyForDeploymentPostprocessing = 0;
		};
/* End PBXFrameworksBuildPhase section */

/* Begin PBXGroup section */
		3307E3131D3D572200F9C35A = {
			isa = PBXGroup;
			children = (
				3307E3331D3D6B5800F9C35A /* frameworks */,
				3307E31E1D3D572200F9C35A /* opencv_camera */,
				3307E31D1D3D572200F9C35A /* Products */,
			);
			sourceTree = "<group>";
		};
		3307E31D1D3D572200F9C35A /* Products */ = {
			isa = PBXGroup;
			children = (
				3307E31C1D3D572200F9C35A /* opencv_camera.app */,
			);
			name = Products;
			sourceTree = "<group>";
		};
		3307E31E1D3D572200F9C35A /* opencv_camera */ = {
			isa = PBXGroup;
			children = (
				3307E31F1D3D572200F9C35A /* AppDelegate.swift */,
				3307E3211D3D572200F9C35A /* ViewController.swift */,
				3307E3231D3D572200F9C35A /* Main.storyboard */,
				3307E3261D3D572200F9C35A /* Assets.xcassets */,
				3307E3281D3D572200F9C35A /* LaunchScreen.storyboard */,
				3307E32B1D3D572200F9C35A /* Info.plist */,
				3307E3311D3D5F4A00F9C35A /* camera_controller.swift */,
				3307E3371D3D6BF400F9C35A /* video_writer.cpp */,
				3307E3381D3D6BF400F9C35A /* video_writer.hpp */,
				3307E3361D3D6BF400F9C35A /* opencv_camera-Bridging-Header.h */,
				3307E3411D3D720B00F9C35A /* video_writer_bridge.mm */,
				3307E3431D3D722300F9C35A /* video_writer_bridge.h */,
			);
			path = opencv_camera;
			sourceTree = "<group>";
		};
		3307E3331D3D6B5800F9C35A /* frameworks */ = {
			isa = PBXGroup;
			children = (
				3307E3341D3D6BB000F9C35A /* opencv2.framework */,
			);
			name = frameworks;
			sourceTree = "<group>";
		};
/* End PBXGroup section */

/* Begin PBXNativeTarget section */
		3307E31B1D3D572200F9C35A /* opencv_camera */ = {
			isa = PBXNativeTarget;
			buildConfigurationList = 3307E32E1D3D572200F9C35A /* Build configuration list for PBXNativeTarget "opencv_camera" */;
			buildPhases = (
				3307E3181D3D572200F9C35A /* Sources */,
				3307E3191D3D572200F9C35A /* Frameworks */,
				3307E31A1D3D572200F9C35A /* Resources */,
			);
			buildRules = (
			);
			dependencies = (
			);
			name = opencv_camera;
			productName = opencv_camera;
			productReference = 3307E31C1D3D572200F9C35A /* opencv_camera.app */;
			productType = "com.apple.product-type.application";
		};
/* End PBXNativeTarget section */

/* Begin PBXProject section */
		3307E3141D3D572200F9C35A /* Project object */ = {
			isa = PBXProject;
			attributes = {
				LastSwiftUpdateCheck = 0730;
				LastUpgradeCheck = 0730;
				ORGANIZATIONNAME = dyno;
				TargetAttributes = {
					3307E31B1D3D572200F9C35A = {
						CreatedOnToolsVersion = 7.3.1;
					};
				};
			};
			buildConfigurationList = 3307E3171D3D572200F9C35A /* Build configuration list for PBXProject "opencv_camera" */;
			compatibilityVersion = "Xcode 3.2";
			developmentRegion = English;
			hasScannedForEncodings = 0;
			knownRegions = (
				en,
				Base,
			);
			mainGroup = 3307E3131D3D572200F9C35A;
			productRefGroup = 3307E31D1D3D572200F9C35A /* Products */;
			projectDirPath = "";
			projectRoot = "";
			targets = (
				3307E31B1D3D572200F9C35A /* opencv_camera */,
			);
		};
/* End PBXProject section */

/* Begin PBXResourcesBuildPhase section */
		3307E31A1D3D572200F9C35A /* Resources */ = {
			isa = PBXResourcesBuildPhase;
			buildActionMask = 2147483647;
			files = (
				3307E32A1D3D572200F9C35A /* LaunchScreen.storyboard in Resources */,
				3307E3271D3D572200F9C35A /* Assets.xcassets in Resources */,
				3307E3251D3D572200F9C35A /* Main.storyboard in Resources */,
			);
			runOnlyForDeploymentPostprocessing = 0;
		};
/* End PBXResourcesBuildPhase section */

/* Begin PBXSourcesBuildPhase section */
		3307E3181D3D572200F9C35A /* Sources */ = {
			isa = PBXSourcesBuildPhase;
			buildActionMask = 2147483647;
			files = (
				3307E3391D3D6BF400F9C35A /* video_writer.cpp in Sources */,
				3307E3321D3D5F4A00F9C35A /* camera_controller.swift in Sources */,
				3307E3221D3D572200F9C35A /* ViewController.swift in Sources */,
				3307E3201D3D572200F9C35A /* AppDelegate.swift in Sources */,
				3307E3421D3D720B00F9C35A /* video_writer_bridge.mm in Sources */,
			);
			runOnlyForDeploymentPostprocessing = 0;
		};
/* End PBXSourcesBuildPhase section */

/* Begin PBXVariantGroup section */
		3307E3231D3D572200F9C35A /* Main.storyboard */ = {
			isa = PBXVariantGroup;
			children = (
				3307E3241D3D572200F9C35A /* Base */,
			);
			name = Main.storyboard;
			sourceTree = "<group>";
		};
		3307E3281D3D572200F9C35A /* LaunchScreen.storyboard */ = {
			isa = PBXVariantGroup;
			children = (
				3307E3291D3D572200F9C35A /* Base */,
			);
			name = LaunchScreen.storyboard;
			sourceTree = "<group>";
		};
/* End PBXVariantGroup section */

/* Begin XCBuildConfiguration section */
		3307E32C1D3D572200F9C35A /* Debug */ = {
			isa = XCBuildConfiguration;
			buildSettings = {
				ALWAYS_SEARCH_USER_PATHS = NO;
				CLANG_ANALYZER_NONNULL = YES;
				CLANG_CXX_LANGUAGE_STANDARD = "gnu++0x";
				CLANG_CXX_LIBRARY = "libc++";
				CLANG_ENABLE_MODULES = YES;
				CLANG_ENABLE_OBJC_ARC = YES;
				CLANG_WARN_BOOL_CONVERSION = YES;
				CLANG_WARN_CONSTANT_CONVERSION = YES;
				CLANG_WARN_DIRECT_OBJC_ISA_USAGE = YES_ERROR;
				CLANG_WARN_EMPTY_BODY = YES;
				CLANG_WARN_ENUM_CONVERSION = YES;
				CLANG_WARN_INT_CONVERSION = YES;
				CLANG_WARN_OBJC_ROOT_CLASS = YES_ERROR;
				CLANG_WARN_UNREACHABLE_CODE = YES;
				CLANG_WARN__DUPLICATE_METHOD_MATCH = YES;
				"CODE_SIGN_IDENTITY[sdk=iphoneos*]" = "iPhone Developer";
				COPY_PHASE_STRIP = NO;
				DEBUG_INFORMATION_FORMAT = dwarf;
				ENABLE_STRICT_OBJC_MSGSEND = YES;
				ENABLE_TESTABILITY = YES;
				GCC_C_LANGUAGE_STANDARD = gnu99;
				GCC_DYNAMIC_NO_PIC = NO;
				GCC_NO_COMMON_BLOCKS = YES;
				GCC_OPTIMIZATION_LEVEL = 0;
				GCC_PREPROCESSOR_DEFINITIONS = (
					"DEBUG=1",
					"$(inherited)",
				);
				GCC_WARN_64_TO_32_BIT_CONVERSION = YES;
				GCC_WARN_ABOUT_RETURN_TYPE = YES_ERROR;
				GCC_WARN_UNDECLARED_SELECTOR = YES;
				GCC_WARN_UNINITIALIZED_AUTOS = YES_AGGRESSIVE;
				GCC_WARN_UNUSED_FUNCTION = YES;
				GCC_WARN_UNUSED_VARIABLE = YES;
				IPHONEOS_DEPLOYMENT_TARGET = 9.3;
				MTL_ENABLE_DEBUG_INFO = YES;
				ONLY_ACTIVE_ARCH = YES;
				SDKROOT = iphoneos;
				SWIFT_OPTIMIZATION_LEVEL = "-Onone";
				TARGETED_DEVICE_FAMILY = "1,2";
			};
			name = Debug;
		};
		3307E32D1D3D572200F9C35A /* Release */ = {
			isa = XCBuildConfiguration;
			buildSettings = {
				ALWAYS_SEARCH_USER_PATHS = NO;
				CLANG_ANALYZER_NONNULL = YES;
				CLANG_CXX_LANGUAGE_STANDARD = "gnu++0x";
				CLANG_CXX_LIBRARY = "libc++";
				CLANG_ENABLE_MODULES = YES;
				CLANG_ENABLE_OBJC_ARC = YES;
				CLANG_WARN_BOOL_CONVERSION = YES;
				CLANG_WARN_CONSTANT_CONVERSION = YES;
				CLANG_WARN_DIRECT_OBJC_ISA_USAGE = YES_ERROR;
				CLANG_WARN_EMPTY_BODY = YES;
				CLANG_WARN_ENUM_CONVERSION = YES;
				CLANG_WARN_INT_CONVERSION = YES;
				CLANG_WARN_OBJC_ROOT_CLASS = YES_ERROR;
				CLANG_WARN_UNREACHABLE_CODE = YES;
				CLANG_WARN__DUPLICATE_METHOD_MATCH = YES;
				"CODE_SIGN_IDENTITY[sdk=iphoneos*]" = "iPhone Developer";
				COPY_PHASE_STRIP = NO;
				DEBUG_INFORMATION_FORMAT = "dwarf-with-dsym";
				ENABLE_NS_ASSERTIONS = NO;
				ENABLE_STRICT_OBJC_MSGSEND = YES;
				GCC_C_LANGUAGE_STANDARD = gnu99;
				GCC_NO_COMMON_BLOCKS = YES;
				GCC_WARN_64_TO_32_BIT_CONVERSION = YES;
				GCC_WARN_ABOUT_RETURN_TYPE = YES_ERROR;
				GCC_WARN_UNDECLARED_SELECTOR = YES;
				GCC_WARN_UNINITIALIZED_AUTOS = YES_AGGRESSIVE;
				GCC_WARN_UNUSED_FUNCTION = YES;
				GCC_WARN_UNUSED_VARIABLE = YES;
				IPHONEOS_DEPLOYMENT_TARGET = 9.3;
				MTL_ENABLE_DEBUG_INFO = NO;
				SDKROOT = iphoneos;
				TARGETED_DEVICE_FAMILY = "1,2";
				VALIDATE_PRODUCT = YES;
			};
			name = Release;
		};
		3307E32F1D3D572200F9C35A /* Debug */ = {
			isa = XCBuildConfiguration;
			buildSettings = {
				ASSETCATALOG_COMPILER_APPICON_NAME = AppIcon;
				CLANG_ENABLE_MODULES = YES;
				FRAMEWORK_SEARCH_PATHS = "/Volumes/hdd1t/code/SDK/opencv-3.1.0/ios";
				INFOPLIST_FILE = opencv_camera/Info.plist;
				LD_RUNPATH_SEARCH_PATHS = "$(inherited) @executable_path/Frameworks";
				PRODUCT_BUNDLE_IDENTIFIER = "dyno.fun.opencv-camera";
				PRODUCT_NAME = "$(TARGET_NAME)";
				SWIFT_OBJC_BRIDGING_HEADER = "opencv_camera/opencv_camera-Bridging-Header.h";
				SWIFT_OPTIMIZATION_LEVEL = "-Onone";
			};
			name = Debug;
		};
		3307E3301D3D572200F9C35A /* Release */ = {
			isa = XCBuildConfiguration;
			buildSettings = {
				ASSETCATALOG_COMPILER_APPICON_NAME = AppIcon;
				CLANG_ENABLE_MODULES = YES;
				FRAMEWORK_SEARCH_PATHS = "/Volumes/hdd1t/code/SDK/opencv-3.1.0/ios";
				INFOPLIST_FILE = opencv_camera/Info.plist;
				LD_RUNPATH_SEARCH_PATHS = "$(inherited) @executable_path/Frameworks";
				PRODUCT_BUNDLE_IDENTIFIER = "dyno.fun.opencv-camera";
				PRODUCT_NAME = "$(TARGET_NAME)";
				SWIFT_OBJC_BRIDGING_HEADER = "opencv_camera/opencv_camera-Bridging-Header.h";
			};
			name = Release;
		};
/* End XCBuildConfiguration section */

/* Begin XCConfigurationList section */
		3307E3171D3D572200F9C35A /* Build configuration list for PBXProject "opencv_camera" */ = {
			isa = XCConfigurationList;
			buildConfigurations = (
				3307E32C1D3D572200F9C35A /* Debug */,
				3307E32D1D3D572200F9C35A /* Release */,
			);
			defaultConfigurationIsVisible = 0;
			defaultConfigurationName = Release;
		};
		3307E32E1D3D572200F9C35A /* Build configuration list for PBXNativeTarget "opencv_camera" */ = {
			isa = XCConfigurationList;
			buildConfigurations = (
				3307E32F1D3D572200F9C35A /* Debug */,
				3307E3301D3D572200F9C35A /* Release */,
			);
			defaultConfigurationIsVisible = 0;
		};
/* End XCConfigurationList section */
	};
	rootObject = 3307E3141D3D572200F9C35A /* Project object */;
}
